
Microsoft Visual Studio Solution File, Format Version 12.00
# Visual Studio 15
VisualStudioVersion = 15.0.27004.2010
MinimumVisualStudioVersion = 10.0.40219.1
Project("{9A19103F-16F7-4668-BE54-9A1E7A4F7556}") = "DependencyInversion", "DependencyInversion\DependencyInversion.csproj", "{931AA2F5-EAD3-4F82-80C9-AD6A2DF7F79E}"
EndProject
Project("{9A19103F-16F7-4668-BE54-9A1E7A4F7556}") = "Builder", "Builder\Builder.csproj", "{B8149D63-13B2-4B44-8278-A64510CE97F6}"
EndProject
Project("{9A19103F-16F7-4668-BE54-9A1E7A4F7556}") = "FluentBuilder", "FluentBuilder\FluentBuilder.csproj", "{E4F3A06F-6440-4F4A-B2EC-44F31F44843E}"
EndProject
Project("{9A19103F-16F7-4668-BE54-9A1E7A4F7556}") = "FacetedBuilder", "FacetedBuilder\FacetedBuilder.csproj", "{C6B3971B-8D29-4F13-ADD2-F5B8DF2CE7C7}"
EndProject
Project("{9A19103F-16F7-4668-BE54-9A1E7A4F7556}") = "ClassStringBuilder", "ClassStringBuilder\ClassStringBuilder.csproj", "{EB4887C3-7446-4279-887C-CDC5AB2CDC2D}"
EndProject
Project("{FAE04EC0-301F-11D3-BF4B-00C04F79EFBC}") = "InnerFactory", "InnerFactory\InnerFactory.csproj", "{0BD3919E-5699-495E-9591-FFFDBB6ECA54}"
EndProject
Project("{FAE04EC0-301F-11D3-BF4B-00C04F79EFBC}") = "AbstractFactory", "AbstractFactory\AbstractFactory.csproj", "{B44CCC9D-4C41-422E-8666-D2CBF9664AF2}"
EndProject
Project("{FAE04EC0-301F-11D3-BF4B-00C04F79EFBC}") = "AbstractFactoryWithReflection", "AbstractFactoryWithReflection\AbstractFactoryWithReflection.csproj", "{FAD12FF3-12F1-4B3B-B9DE-9C944436F529}"
EndProject
Global
	GlobalSection(SolutionConfigurationPlatforms) = preSolution
		Debug|Any CPU = Debug|Any CPU
		Release|Any CPU = Release|Any CPU
	EndGlobalSection
	GlobalSection(ProjectConfigurationPlatforms) = postSolution
		{931AA2F5-EAD3-4F82-80C9-AD6A2DF7F79E}.Debug|Any CPU.ActiveCfg = Debug|Any CPU
		{931AA2F5-EAD3-4F82-80C9-AD6A2DF7F79E}.Debug|Any CPU.Build.0 = Debug|Any CPU
		{931AA2F5-EAD3-4F82-80C9-AD6A2DF7F79E}.Release|Any CPU.ActiveCfg = Release|Any CPU
		{931AA2F5-EAD3-4F82-80C9-AD6A2DF7F79E}.Release|Any CPU.Build.0 = Release|Any CPU
		{B8149D63-13B2-4B44-8278-A64510CE97F6}.Debug|Any CPU.ActiveCfg = Debug|Any CPU
		{B8149D63-13B2-4B44-8278-A64510CE97F6}.Debug|Any CPU.Build.0 = Debug|Any CPU
		{B8149D63-13B2-4B44-8278-A64510CE97F6}.Release|Any CPU.ActiveCfg = Release|Any CPU
		{B8149D63-13B2-4B44-8278-A64510CE97F6}.Release|Any CPU.Build.0 = Release|Any CPU
		{E4F3A06F-6440-4F4A-B2EC-44F31F44843E}.Debug|Any CPU.ActiveCfg = Debug|Any CPU
		{E4F3A06F-6440-4F4A-B2EC-44F31F44843E}.Debug|Any CPU.Build.0 = Debug|Any CPU
		{E4F3A06F-6440-4F4A-B2EC-44F31F44843E}.Release|Any CPU.ActiveCfg = Release|Any CPU
		{E4F3A06F-6440-4F4A-B2EC-44F31F44843E}.Release|Any CPU.Build.0 = Release|Any CPU
		{C6B3971B-8D29-4F13-ADD2-F5B8DF2CE7C7}.Debug|Any CPU.ActiveCfg = Debug|Any CPU
		{C6B3971B-8D29-4F13-ADD2-F5B8DF2CE7C7}.Debug|Any CPU.Build.0 = Debug|Any CPU
		{C6B3971B-8D29-4F13-ADD2-F5B8DF2CE7C7}.Release|Any CPU.ActiveCfg = Release|Any CPU
		{C6B3971B-8D29-4F13-ADD2-F5B8DF2CE7C7}.Release|Any CPU.Build.0 = Release|Any CPU
		{EB4887C3-7446-4279-887C-CDC5AB2CDC2D}.Debug|Any CPU.ActiveCfg = Debug|Any CPU
		{EB4887C3-7446-4279-887C-CDC5AB2CDC2D}.Debug|Any CPU.Build.0 = Debug|Any CPU
		{EB4887C3-7446-4279-887C-CDC5AB2CDC2D}.Release|Any CPU.ActiveCfg = Release|Any CPU
		{EB4887C3-7446-4279-887C-CDC5AB2CDC2D}.Release|Any CPU.Build.0 = Release|Any CPU
		{0BD3919E-5699-495E-9591-FFFDBB6ECA54}.Debug|Any CPU.ActiveCfg = Debug|Any CPU
		{0BD3919E-5699-495E-9591-FFFDBB6ECA54}.Debug|Any CPU.Build.0 = Debug|Any CPU
		{0BD3919E-5699-495E-9591-FFFDBB6ECA54}.Release|Any CPU.ActiveCfg = Release|Any CPU
		{0BD3919E-5699-495E-9591-FFFDBB6ECA54}.Release|Any CPU.Build.0 = Release|Any CPU
		{B44CCC9D-4C41-422E-8666-D2CBF9664AF2}.Debug|Any CPU.ActiveCfg = Debug|Any CPU
		{B44CCC9D-4C41-422E-8666-D2CBF9664AF2}.Debug|Any CPU.Build.0 = Debug|Any CPU
		{B44CCC9D-4C41-422E-8666-D2CBF9664AF2}.Release|Any CPU.ActiveCfg = Release|Any CPU
		{B44CCC9D-4C41-422E-8666-D2CBF9664AF2}.Release|Any CPU.Build.0 = Release|Any CPU
		{FAD12FF3-12F1-4B3B-B9DE-9C944436F529}.Debug|Any CPU.ActiveCfg = Debug|Any CPU
		{FAD12FF3-12F1-4B3B-B9DE-9C944436F529}.Debug|Any CPU.Build.0 = Debug|Any CPU
		{FAD12FF3-12F1-4B3B-B9DE-9C944436F529}.Release|Any CPU.ActiveCfg = Release|Any CPU
		{FAD12FF3-12F1-4B3B-B9DE-9C944436F529}.Release|Any CPU.Build.0 = Release|Any CPU
	EndGlobalSection
	GlobalSection(SolutionProperties) = preSolution
		HideSolutionNode = FALSE
	EndGlobalSection
	GlobalSection(ExtensibilityGlobals) = postSolution
		SolutionGuid = {A8E70F7E-0D0F-46BA-8310-AF7547D08E0C}
	EndGlobalSection
EndGlobal
